
Microsoft Visual Studio Solution File, Format Version 12.00
# Visual Studio Version 16
VisualStudioVersion = 16.0.34407.143
MinimumVisualStudioVersion = 10.0.40219.1
Project("{FAE04EC0-301F-11D3-BF4B-00C04F79EFBC}") = "StudentAppLogin", "StudentAppLogin\StudentAppLogin.csproj", "{B04172A1-853A-455E-B26F-40432C6AF02C}"
EndProject
Global
	GlobalSection(SolutionConfigurationPlatforms) = preSolution
		Debug|Any CPU = Debug|Any CPU
		Release|Any CPU = Release|Any CPU
	EndGlobalSection
	GlobalSection(ProjectConfigurationPlatforms) = postSolution
		{B04172A1-853A-455E-B26F-40432C6AF02C}.Debug|Any CPU.ActiveCfg = Debug|Any CPU
		{B04172A1-853A-455E-B26F-40432C6AF02C}.Debug|Any CPU.Build.0 = Debug|Any CPU
		{B04172A1-853A-455E-B26F-40432C6AF02C}.Release|Any CPU.ActiveCfg = Release|Any CPU
		{B04172A1-853A-455E-B26F-40432C6AF02C}.Release|Any CPU.Build.0 = Release|Any CPU
	EndGlobalSection
	GlobalSection(SolutionProperties) = preSolution
		HideSolutionNode = FALSE
	EndGlobalSection
	GlobalSection(ExtensibilityGlobals) = postSolution
		SolutionGuid = {C72138D7-FC44-4667-B9ED-BE08D233F9CF}
	EndGlobalSection
EndGlobal
