
Microsoft Visual Studio Solution File, Format Version 12.00
# Visual Studio Version 16
VisualStudioVersion = 16.0.34407.143
MinimumVisualStudioVersion = 10.0.40219.1
Project("{FAE04EC0-301F-11D3-BF4B-00C04F79EFBC}") = "Insert_Update_Delete_Search", "Insert_Update_Delete_Search\Insert_Update_Delete_Search.csproj", "{E47AF051-9AA0-4E00-863C-FB2B7E0D301D}"
EndProject
Global
	GlobalSection(SolutionConfigurationPlatforms) = preSolution
		Debug|Any CPU = Debug|Any CPU
		Release|Any CPU = Release|Any CPU
	EndGlobalSection
	GlobalSection(ProjectConfigurationPlatforms) = postSolution
		{E47AF051-9AA0-4E00-863C-FB2B7E0D301D}.Debug|Any CPU.ActiveCfg = Debug|Any CPU
		{E47AF051-9AA0-4E00-863C-FB2B7E0D301D}.Debug|Any CPU.Build.0 = Debug|Any CPU
		{E47AF051-9AA0-4E00-863C-FB2B7E0D301D}.Release|Any CPU.ActiveCfg = Release|Any CPU
		{E47AF051-9AA0-4E00-863C-FB2B7E0D301D}.Release|Any CPU.Build.0 = Release|Any CPU
	EndGlobalSection
	GlobalSection(SolutionProperties) = preSolution
		HideSolutionNode = FALSE
	EndGlobalSection
	GlobalSection(ExtensibilityGlobals) = postSolution
		SolutionGuid = {95F00CA4-A81A-4E58-82BA-086225167C67}
	EndGlobalSection
EndGlobal
